// !$*UTF8*$!
{
	archiveVersion = 1;
	classes = {
	};
	objectVersion = 48;
	objects = {

/* Begin PBXBuildFile section */
		4B0BA2CA2035185E008655A9 /* InformationViewController.swift in Sources */ = {isa = PBXBuildFile; fileRef = 4B0BA2C92035185E008655A9 /* InformationViewController.swift */; };
		4B0BA2CC20361187008655A9 /* StudentLocationViewController.swift in Sources */ = {isa = PBXBuildFile; fileRef = 4B0BA2CB20361187008655A9 /* StudentLocationViewController.swift */; };
		4B1524EA20178BE5003B9765 /* AppDelegate.swift in Sources */ = {isa = PBXBuildFile; fileRef = 4B1524E920178BE5003B9765 /* AppDelegate.swift */; };
		4B1524EF20178BE5003B9765 /* Main.storyboard in Resources */ = {isa = PBXBuildFile; fileRef = 4B1524ED20178BE5003B9765 /* Main.storyboard */; };
		4B1524F120178BE5003B9765 /* Assets.xcassets in Resources */ = {isa = PBXBuildFile; fileRef = 4B1524F020178BE5003B9765 /* Assets.xcassets */; };
		4B1524F420178BE5003B9765 /* LaunchScreen.storyboard in Resources */ = {isa = PBXBuildFile; fileRef = 4B1524F220178BE5003B9765 /* LaunchScreen.storyboard */; };
		4B23425C203E155C00B4F1DC /* PublicUserData.swift in Sources */ = {isa = PBXBuildFile; fileRef = 4B23425B203E155C00B4F1DC /* PublicUserData.swift */; };
		4B75A92A201ABB810024E1E7 /* LoginViewController.swift in Sources */ = {isa = PBXBuildFile; fileRef = 4B75A929201ABB810024E1E7 /* LoginViewController.swift */; };
		4BD99D0C203FAD24006825D5 /* StudentDatasource.swift in Sources */ = {isa = PBXBuildFile; fileRef = 4BD99D0B203FAD24006825D5 /* StudentDatasource.swift */; };
		4BDB99B42029E97600637A7E /* ParseConvenience.swift in Sources */ = {isa = PBXBuildFile; fileRef = 4BDB99B32029E97600637A7E /* ParseConvenience.swift */; };
		4BDB99B62029F61100637A7E /* StudentTableViewController.swift in Sources */ = {isa = PBXBuildFile; fileRef = 4BDB99B52029F61100637A7E /* StudentTableViewController.swift */; };
		4BDB99B82029F63000637A7E /* StudentTableViewCell.swift in Sources */ = {isa = PBXBuildFile; fileRef = 4BDB99B72029F63000637A7E /* StudentTableViewCell.swift */; };
		4BED1E13201B6DE800F452A1 /* UdacityConvenience.swift in Sources */ = {isa = PBXBuildFile; fileRef = 4BED1E12201B6DE800F452A1 /* UdacityConvenience.swift */; };
		4BED1E17201B6F2800F452A1 /* UdacityClient.swift in Sources */ = {isa = PBXBuildFile; fileRef = 4BED1E16201B6F2800F452A1 /* UdacityClient.swift */; };
		4BED1E19201B70AB00F452A1 /* UdacityConstants.swift in Sources */ = {isa = PBXBuildFile; fileRef = 4BED1E18201B70AB00F452A1 /* UdacityConstants.swift */; };
		4BED1E412020A5B000F452A1 /* ParseConstants.swift in Sources */ = {isa = PBXBuildFile; fileRef = 4BED1E402020A5B000F452A1 /* ParseConstants.swift */; };
		4BED1E432020A5EA00F452A1 /* ParseClient.swift in Sources */ = {isa = PBXBuildFile; fileRef = 4BED1E422020A5EA00F452A1 /* ParseClient.swift */; };
		4BED1E8B2023E4CB00F452A1 /* StudentInformation.swift in Sources */ = {isa = PBXBuildFile; fileRef = 4BED1E8A2023E4CB00F452A1 /* StudentInformation.swift */; };
		4BED1E8D2023E77200F452A1 /* MapViewController.swift in Sources */ = {isa = PBXBuildFile; fileRef = 4BED1E8C2023E77200F452A1 /* MapViewController.swift */; };
/* End PBXBuildFile section */

/* Begin PBXFileReference section */
		4B0BA2C92035185E008655A9 /* InformationViewController.swift */ = {isa = PBXFileReference; lastKnownFileType = sourcecode.swift; path = InformationViewController.swift; sourceTree = "<group>"; };
		4B0BA2CB20361187008655A9 /* StudentLocationViewController.swift */ = {isa = PBXFileReference; lastKnownFileType = sourcecode.swift; path = StudentLocationViewController.swift; sourceTree = "<group>"; };
		4B1524E620178BE5003B9765 /* On The Map.app */ = {isa = PBXFileReference; explicitFileType = wrapper.application; includeInIndex = 0; path = "On The Map.app"; sourceTree = BUILT_PRODUCTS_DIR; };
		4B1524E920178BE5003B9765 /* AppDelegate.swift */ = {isa = PBXFileReference; lastKnownFileType = sourcecode.swift; path = AppDelegate.swift; sourceTree = "<group>"; };
		4B1524EE20178BE5003B9765 /* Base */ = {isa = PBXFileReference; lastKnownFileType = file.storyboard; name = Base; path = Base.lproj/Main.storyboard; sourceTree = "<group>"; };
		4B1524F020178BE5003B9765 /* Assets.xcassets */ = {isa = PBXFileReference; lastKnownFileType = folder.assetcatalog; path = Assets.xcassets; sourceTree = "<group>"; };
		4B1524F320178BE5003B9765 /* Base */ = {isa = PBXFileReference; lastKnownFileType = file.storyboard; name = Base; path = Base.lproj/LaunchScreen.storyboard; sourceTree = "<group>"; };
		4B1524F520178BE5003B9765 /* Info.plist */ = {isa = PBXFileReference; lastKnownFileType = text.plist.xml; path = Info.plist; sourceTree = "<group>"; };
		4B23425B203E155C00B4F1DC /* PublicUserData.swift */ = {isa = PBXFileReference; lastKnownFileType = sourcecode.swift; path = PublicUserData.swift; sourceTree = "<group>"; };
		4B75A929201ABB810024E1E7 /* LoginViewController.swift */ = {isa = PBXFileReference; lastKnownFileType = sourcecode.swift; path = LoginViewController.swift; sourceTree = "<group>"; };
		4BD99D0B203FAD24006825D5 /* StudentDatasource.swift */ = {isa = PBXFileReference; lastKnownFileType = sourcecode.swift; path = StudentDatasource.swift; sourceTree = "<group>"; };
		4BDB99B32029E97600637A7E /* ParseConvenience.swift */ = {isa = PBXFileReference; lastKnownFileType = sourcecode.swift; path = ParseConvenience.swift; sourceTree = "<group>"; };
		4BDB99B52029F61100637A7E /* StudentTableViewController.swift */ = {isa = PBXFileReference; lastKnownFileType = sourcecode.swift; path = StudentTableViewController.swift; sourceTree = "<group>"; };
		4BDB99B72029F63000637A7E /* StudentTableViewCell.swift */ = {isa = PBXFileReference; lastKnownFileType = sourcecode.swift; path = StudentTableViewCell.swift; sourceTree = "<group>"; };
		4BED1E12201B6DE800F452A1 /* UdacityConvenience.swift */ = {isa = PBXFileReference; lastKnownFileType = sourcecode.swift; path = UdacityConvenience.swift; sourceTree = "<group>"; };
		4BED1E16201B6F2800F452A1 /* UdacityClient.swift */ = {isa = PBXFileReference; lastKnownFileType = sourcecode.swift; path = UdacityClient.swift; sourceTree = "<group>"; };
		4BED1E18201B70AB00F452A1 /* UdacityConstants.swift */ = {isa = PBXFileReference; lastKnownFileType = sourcecode.swift; path = UdacityConstants.swift; sourceTree = "<group>"; };
		4BED1E402020A5B000F452A1 /* ParseConstants.swift */ = {isa = PBXFileReference; lastKnownFileType = sourcecode.swift; path = ParseConstants.swift; sourceTree = "<group>"; };
		4BED1E422020A5EA00F452A1 /* ParseClient.swift */ = {isa = PBXFileReference; lastKnownFileType = sourcecode.swift; path = ParseClient.swift; sourceTree = "<group>"; };
		4BED1E8A2023E4CB00F452A1 /* StudentInformation.swift */ = {isa = PBXFileReference; lastKnownFileType = sourcecode.swift; path = StudentInformation.swift; sourceTree = "<group>"; };
		4BED1E8C2023E77200F452A1 /* MapViewController.swift */ = {isa = PBXFileReference; lastKnownFileType = sourcecode.swift; path = MapViewController.swift; sourceTree = "<group>"; };
/* End PBXFileReference section */

/* Begin PBXFrameworksBuildPhase section */
		4B1524E320178BE5003B9765 /* Frameworks */ = {
			isa = PBXFrameworksBuildPhase;
			buildActionMask = 2147483647;
			files = (
			);
			runOnlyForDeploymentPostprocessing = 0;
		};
/* End PBXFrameworksBuildPhase section */

/* Begin PBXGroup section */
		4B1524DD20178BE5003B9765 = {
			isa = PBXGroup;
			children = (
				4B1524E820178BE5003B9765 /* On The Map */,
				4B1524E720178BE5003B9765 /* Products */,
			);
			sourceTree = "<group>";
		};
		4B1524E720178BE5003B9765 /* Products */ = {
			isa = PBXGroup;
			children = (
				4B1524E620178BE5003B9765 /* On The Map.app */,
			);
			name = Products;
			sourceTree = "<group>";
		};
		4B1524E820178BE5003B9765 /* On The Map */ = {
			isa = PBXGroup;
			children = (
				4BED1E0E201B6D3D00F452A1 /* Model */,
				4B75A928201ABA990024E1E7 /* Controller */,
				4B1524E920178BE5003B9765 /* AppDelegate.swift */,
				4B1524ED20178BE5003B9765 /* Main.storyboard */,
				4B1524F020178BE5003B9765 /* Assets.xcassets */,
				4B1524F220178BE5003B9765 /* LaunchScreen.storyboard */,
				4B1524F520178BE5003B9765 /* Info.plist */,
			);
			path = "On The Map";
			sourceTree = "<group>";
		};
		4B75A928201ABA990024E1E7 /* Controller */ = {
			isa = PBXGroup;
			children = (
				4B75A929201ABB810024E1E7 /* LoginViewController.swift */,
				4BED1E8C2023E77200F452A1 /* MapViewController.swift */,
				4BDB99B52029F61100637A7E /* StudentTableViewController.swift */,
				4B0BA2C92035185E008655A9 /* InformationViewController.swift */,
				4B0BA2CB20361187008655A9 /* StudentLocationViewController.swift */,
			);
			path = Controller;
			sourceTree = "<group>";
		};
		4BED1E0E201B6D3D00F452A1 /* Model */ = {
			isa = PBXGroup;
			children = (
				4BD99D0B203FAD24006825D5 /* StudentDatasource.swift */,
				4BDB99B72029F63000637A7E /* StudentTableViewCell.swift */,
				4BED1E8A2023E4CB00F452A1 /* StudentInformation.swift */,
				4B23425B203E155C00B4F1DC /* PublicUserData.swift */,
				4BED1E0F201B6DB800F452A1 /* Clients */,
			);
			path = Model;
			sourceTree = "<group>";
		};
		4BED1E0F201B6DB800F452A1 /* Clients */ = {
			isa = PBXGroup;
			children = (
				4BED1E11201B6DC700F452A1 /* Parse */,
				4BED1E10201B6DBF00F452A1 /* Udacity */,
			);
			path = Clients;
			sourceTree = "<group>";
		};
		4BED1E10201B6DBF00F452A1 /* Udacity */ = {
			isa = PBXGroup;
			children = (
				4BED1E12201B6DE800F452A1 /* UdacityConvenience.swift */,
				4BED1E18201B70AB00F452A1 /* UdacityConstants.swift */,
				4BED1E16201B6F2800F452A1 /* UdacityClient.swift */,
			);
			path = Udacity;
			sourceTree = "<group>";
		};
		4BED1E11201B6DC700F452A1 /* Parse */ = {
			isa = PBXGroup;
			children = (
				4BDB99B32029E97600637A7E /* ParseConvenience.swift */,
				4BED1E402020A5B000F452A1 /* ParseConstants.swift */,
				4BED1E422020A5EA00F452A1 /* ParseClient.swift */,
			);
			path = Parse;
			sourceTree = "<group>";
		};
/* End PBXGroup section */

/* Begin PBXNativeTarget section */
		4B1524E520178BE5003B9765 /* On The Map */ = {
			isa = PBXNativeTarget;
			buildConfigurationList = 4B1524F820178BE6003B9765 /* Build configuration list for PBXNativeTarget "On The Map" */;
			buildPhases = (
				4B1524E220178BE5003B9765 /* Sources */,
				4B1524E320178BE5003B9765 /* Frameworks */,
				4B1524E420178BE5003B9765 /* Resources */,
			);
			buildRules = (
			);
			dependencies = (
			);
			name = "On The Map";
			productName = "On The Map";
			productReference = 4B1524E620178BE5003B9765 /* On The Map.app */;
			productType = "com.apple.product-type.application";
		};
/* End PBXNativeTarget section */

/* Begin PBXProject section */
		4B1524DE20178BE5003B9765 /* Project object */ = {
			isa = PBXProject;
			attributes = {
				LastSwiftUpdateCheck = 0920;
				LastUpgradeCheck = 0920;
				ORGANIZATIONNAME = AM;
				TargetAttributes = {
					4B1524E520178BE5003B9765 = {
						CreatedOnToolsVersion = 9.2;
						ProvisioningStyle = Automatic;
					};
				};
			};
			buildConfigurationList = 4B1524E120178BE5003B9765 /* Build configuration list for PBXProject "On The Map" */;
			compatibilityVersion = "Xcode 8.0";
			developmentRegion = en;
			hasScannedForEncodings = 0;
			knownRegions = (
				en,
				Base,
			);
			mainGroup = 4B1524DD20178BE5003B9765;
			productRefGroup = 4B1524E720178BE5003B9765 /* Products */;
			projectDirPath = "";
			projectRoot = "";
			targets = (
				4B1524E520178BE5003B9765 /* On The Map */,
			);
		};
/* End PBXProject section */

/* Begin PBXResourcesBuildPhase section */
		4B1524E420178BE5003B9765 /* Resources */ = {
			isa = PBXResourcesBuildPhase;
			buildActionMask = 2147483647;
			files = (
				4B1524F420178BE5003B9765 /* LaunchScreen.storyboard in Resources */,
				4B1524F120178BE5003B9765 /* Assets.xcassets in Resources */,
				4B1524EF20178BE5003B9765 /* Main.storyboard in Resources */,
			);
			runOnlyForDeploymentPostprocessing = 0;
		};
/* End PBXResourcesBuildPhase section */

/* Begin PBXSourcesBuildPhase section */
		4B1524E220178BE5003B9765 /* Sources */ = {
			isa = PBXSourcesBuildPhase;
			buildActionMask = 2147483647;
			files = (
				4B0BA2CA2035185E008655A9 /* InformationViewController.swift in Sources */,
				4BED1E8B2023E4CB00F452A1 /* StudentInformation.swift in Sources */,
				4BED1E17201B6F2800F452A1 /* UdacityClient.swift in Sources */,
				4B0BA2CC20361187008655A9 /* StudentLocationViewController.swift in Sources */,
				4BD99D0C203FAD24006825D5 /* StudentDatasource.swift in Sources */,
				4BED1E19201B70AB00F452A1 /* UdacityConstants.swift in Sources */,
				4B23425C203E155C00B4F1DC /* PublicUserData.swift in Sources */,
				4BED1E432020A5EA00F452A1 /* ParseClient.swift in Sources */,
				4BED1E8D2023E77200F452A1 /* MapViewController.swift in Sources */,
				4BDB99B42029E97600637A7E /* ParseConvenience.swift in Sources */,
				4B75A92A201ABB810024E1E7 /* LoginViewController.swift in Sources */,
				4B1524EA20178BE5003B9765 /* AppDelegate.swift in Sources */,
				4BED1E13201B6DE800F452A1 /* UdacityConvenience.swift in Sources */,
				4BED1E412020A5B000F452A1 /* ParseConstants.swift in Sources */,
				4BDB99B62029F61100637A7E /* StudentTableViewController.swift in Sources */,
				4BDB99B82029F63000637A7E /* StudentTableViewCell.swift in Sources */,
			);
			runOnlyForDeploymentPostprocessing = 0;
		};
/* End PBXSourcesBuildPhase section */

/* Begin PBXVariantGroup section */
		4B1524ED20178BE5003B9765 /* Main.storyboard */ = {
			isa = PBXVariantGroup;
			children = (
				4B1524EE20178BE5003B9765 /* Base */,
			);
			name = Main.storyboard;
			sourceTree = "<group>";
		};
		4B1524F220178BE5003B9765 /* LaunchScreen.storyboard */ = {
			isa = PBXVariantGroup;
			children = (
				4B1524F320178BE5003B9765 /* Base */,
			);
			name = LaunchScreen.storyboard;
			sourceTree = "<group>";
		};
/* End PBXVariantGroup section */

/* Begin XCBuildConfiguration section */
		4B1524F620178BE5003B9765 /* Debug */ = {
			isa = XCBuildConfiguration;
			buildSettings = {
				ALWAYS_SEARCH_USER_PATHS = NO;
				CLANG_ANALYZER_NONNULL = YES;
				CLANG_ANALYZER_NUMBER_OBJECT_CONVERSION = YES_AGGRESSIVE;
				CLANG_CXX_LANGUAGE_STANDARD = "gnu++14";
				CLANG_CXX_LIBRARY = "libc++";
				CLANG_ENABLE_MODULES = YES;
				CLANG_ENABLE_OBJC_ARC = YES;
				CLANG_WARN_BLOCK_CAPTURE_AUTORELEASING = YES;
				CLANG_WARN_BOOL_CONVERSION = YES;
				CLANG_WARN_COMMA = YES;
				CLANG_WARN_CONSTANT_CONVERSION = YES;
				CLANG_WARN_DIRECT_OBJC_ISA_USAGE = YES_ERROR;
				CLANG_WARN_DOCUMENTATION_COMMENTS = YES;
				CLANG_WARN_EMPTY_BODY = YES;
				CLANG_WARN_ENUM_CONVERSION = YES;
				CLANG_WARN_INFINITE_RECURSION = YES;
				CLANG_WARN_INT_CONVERSION = YES;
				CLANG_WARN_NON_LITERAL_NULL_CONVERSION = YES;
				CLANG_WARN_OBJC_LITERAL_CONVERSION = YES;
				CLANG_WARN_OBJC_ROOT_CLASS = YES_ERROR;
				CLANG_WARN_RANGE_LOOP_ANALYSIS = YES;
				CLANG_WARN_STRICT_PROTOTYPES = YES;
				CLANG_WARN_SUSPICIOUS_MOVE = YES;
				CLANG_WARN_UNGUARDED_AVAILABILITY = YES_AGGRESSIVE;
				CLANG_WARN_UNREACHABLE_CODE = YES;
				CLANG_WARN__DUPLICATE_METHOD_MATCH = YES;
				CODE_SIGN_IDENTITY = "iPhone Developer";
				COPY_PHASE_STRIP = NO;
				DEBUG_INFORMATION_FORMAT = dwarf;
				ENABLE_STRICT_OBJC_MSGSEND = YES;
				ENABLE_TESTABILITY = YES;
				GCC_C_LANGUAGE_STANDARD = gnu11;
				GCC_DYNAMIC_NO_PIC = NO;
				GCC_NO_COMMON_BLOCKS = YES;
				GCC_OPTIMIZATION_LEVEL = 0;
				GCC_PREPROCESSOR_DEFINITIONS = (
					"DEBUG=1",
					"$(inherited)",
				);
				GCC_WARN_64_TO_32_BIT_CONVERSION = YES;
				GCC_WARN_ABOUT_RETURN_TYPE = YES_ERROR;
				GCC_WARN_UNDECLARED_SELECTOR = YES;
				GCC_WARN_UNINITIALIZED_AUTOS = YES_AGGRESSIVE;
				GCC_WARN_UNUSED_FUNCTION = YES;
				GCC_WARN_UNUSED_VARIABLE = YES;
				IPHONEOS_DEPLOYMENT_TARGET = 11.2;
				MTL_ENABLE_DEBUG_INFO = YES;
				ONLY_ACTIVE_ARCH = YES;
				SDKROOT = iphoneos;
				SWIFT_ACTIVE_COMPILATION_CONDITIONS = DEBUG;
				SWIFT_OPTIMIZATION_LEVEL = "-Onone";
			};
			name = Debug;
		};
		4B1524F720178BE5003B9765 /* Release */ = {
			isa = XCBuildConfiguration;
			buildSettings = {
				ALWAYS_SEARCH_USER_PATHS = NO;
				CLANG_ANALYZER_NONNULL = YES;
				CLANG_ANALYZER_NUMBER_OBJECT_CONVERSION = YES_AGGRESSIVE;
				CLANG_CXX_LANGUAGE_STANDARD = "gnu++14";
				CLANG_CXX_LIBRARY = "libc++";
				CLANG_ENABLE_MODULES = YES;
				CLANG_ENABLE_OBJC_ARC = YES;
				CLANG_WARN_BLOCK_CAPTURE_AUTORELEASING = YES;
				CLANG_WARN_BOOL_CONVERSION = YES;
				CLANG_WARN_COMMA = YES;
				CLANG_WARN_CONSTANT_CONVERSION = YES;
				CLANG_WARN_DIRECT_OBJC_ISA_USAGE = YES_ERROR;
				CLANG_WARN_DOCUMENTATION_COMMENTS = YES;
				CLANG_WARN_EMPTY_BODY = YES;
				CLANG_WARN_ENUM_CONVERSION = YES;
				CLANG_WARN_INFINITE_RECURSION = YES;
				CLANG_WARN_INT_CONVERSION = YES;
				CLANG_WARN_NON_LITERAL_NULL_CONVERSION = YES;
				CLANG_WARN_OBJC_LITERAL_CONVERSION = YES;
				CLANG_WARN_OBJC_ROOT_CLASS = YES_ERROR;
				CLANG_WARN_RANGE_LOOP_ANALYSIS = YES;
				CLANG_WARN_STRICT_PROTOTYPES = YES;
				CLANG_WARN_SUSPICIOUS_MOVE = YES;
				CLANG_WARN_UNGUARDED_AVAILABILITY = YES_AGGRESSIVE;
				CLANG_WARN_UNREACHABLE_CODE = YES;
				CLANG_WARN__DUPLICATE_METHOD_MATCH = YES;
				CODE_SIGN_IDENTITY = "iPhone Developer";
				COPY_PHASE_STRIP = NO;
				DEBUG_INFORMATION_FORMAT = "dwarf-with-dsym";
				ENABLE_NS_ASSERTIONS = NO;
				ENABLE_STRICT_OBJC_MSGSEND = YES;
				GCC_C_LANGUAGE_STANDARD = gnu11;
				GCC_NO_COMMON_BLOCKS = YES;
				GCC_WARN_64_TO_32_BIT_CONVERSION = YES;
				GCC_WARN_ABOUT_RETURN_TYPE = YES_ERROR;
				GCC_WARN_UNDECLARED_SELECTOR = YES;
				GCC_WARN_UNINITIALIZED_AUTOS = YES_AGGRESSIVE;
				GCC_WARN_UNUSED_FUNCTION = YES;
				GCC_WARN_UNUSED_VARIABLE = YES;
				IPHONEOS_DEPLOYMENT_TARGET = 11.2;
				MTL_ENABLE_DEBUG_INFO = NO;
				SDKROOT = iphoneos;
				SWIFT_OPTIMIZATION_LEVEL = "-Owholemodule";
				VALIDATE_PRODUCT = YES;
			};
			name = Release;
		};
		4B1524F920178BE6003B9765 /* Debug */ = {
			isa = XCBuildConfiguration;
			buildSettings = {
				ASSETCATALOG_COMPILER_APPICON_NAME = AppIcon;
				CODE_SIGN_STYLE = Automatic;
				DEVELOPMENT_TEAM = 7HF92455SQ;
				INFOPLIST_FILE = "On The Map/Info.plist";
				LD_RUNPATH_SEARCH_PATHS = "$(inherited) @executable_path/Frameworks";
				PRODUCT_BUNDLE_IDENTIFIER = "com.amayorga.On-The-Map";
				PRODUCT_NAME = "$(TARGET_NAME)";
				SWIFT_VERSION = 4.0;
				TARGETED_DEVICE_FAMILY = "1,2";
			};
			name = Debug;
		};
		4B1524FA20178BE6003B9765 /* Release */ = {
			isa = XCBuildConfiguration;
			buildSettings = {
				ASSETCATALOG_COMPILER_APPICON_NAME = AppIcon;
				CODE_SIGN_STYLE = Automatic;
				DEVELOPMENT_TEAM = 7HF92455SQ;
				INFOPLIST_FILE = "On The Map/Info.plist";
				LD_RUNPATH_SEARCH_PATHS = "$(inherited) @executable_path/Frameworks";
				PRODUCT_BUNDLE_IDENTIFIER = "com.amayorga.On-The-Map";
				PRODUCT_NAME = "$(TARGET_NAME)";
				SWIFT_VERSION = 4.0;
				TARGETED_DEVICE_FAMILY = "1,2";
			};
			name = Release;
		};
/* End XCBuildConfiguration section */

/* Begin XCConfigurationList section */
		4B1524E120178BE5003B9765 /* Build configuration list for PBXProject "On The Map" */ = {
			isa = XCConfigurationList;
			buildConfigurations = (
				4B1524F620178BE5003B9765 /* Debug */,
				4B1524F720178BE5003B9765 /* Release */,
			);
			defaultConfigurationIsVisible = 0;
			defaultConfigurationName = Release;
		};
		4B1524F820178BE6003B9765 /* Build configuration list for PBXNativeTarget "On The Map" */ = {
			isa = XCConfigurationList;
			buildConfigurations = (
				4B1524F920178BE6003B9765 /* Debug */,
				4B1524FA20178BE6003B9765 /* Release */,
			);
			defaultConfigurationIsVisible = 0;
			defaultConfigurationName = Release;
		};
/* End XCConfigurationList section */
	};
	rootObject = 4B1524DE20178BE5003B9765 /* Project object */;
}
